
Microsoft Visual Studio Solution File, Format Version 12.00
# Visual Studio 15
VisualStudioVersion = 15.0.26730.15
MinimumVisualStudioVersion = 10.0.40219.1
Project("{8BC9CEB8-8B4A-11D0-8D11-00A0C91BC942}") = "basicBattleShip", "basicBattleShip\basicBattleShip.vcxproj", "{81FD8A2D-45F7-4936-85F9-7CF3C586D642}"
EndProject
Global
	GlobalSection(SolutionConfigurationPlatforms) = preSolution
		Debug|x64 = Debug|x64
		Debug|x86 = Debug|x86
		Release|x64 = Release|x64
		Release|x86 = Release|x86
	EndGlobalSection
	GlobalSection(ProjectConfigurationPlatforms) = postSolution
		{81FD8A2D-45F7-4936-85F9-7CF3C586D642}.Debug|x64.ActiveCfg = Debug|x64
		{81FD8A2D-45F7-4936-85F9-7CF3C586D642}.Debug|x64.Build.0 = Debug|x64
		{81FD8A2D-45F7-4936-85F9-7CF3C586D642}.Debug|x86.ActiveCfg = Debug|Win32
		{81FD8A2D-45F7-4936-85F9-7CF3C586D642}.Debug|x86.Build.0 = Debug|Win32
		{81FD8A2D-45F7-4936-85F9-7CF3C586D642}.Release|x64.ActiveCfg = Release|x64
		{81FD8A2D-45F7-4936-85F9-7CF3C586D642}.Release|x64.Build.0 = Release|x64
		{81FD8A2D-45F7-4936-85F9-7CF3C586D642}.Release|x86.ActiveCfg = Release|Win32
		{81FD8A2D-45F7-4936-85F9-7CF3C586D642}.Release|x86.Build.0 = Release|Win32
	EndGlobalSection
	GlobalSection(SolutionProperties) = preSolution
		HideSolutionNode = FALSE
	EndGlobalSection
	GlobalSection(ExtensibilityGlobals) = postSolution
		SolutionGuid = {1E85E465-7050-4741-9283-54DB1B51E489}
	EndGlobalSection
EndGlobal
